
Microsoft Visual Studio Solution File, Format Version 12.00
# Visual Studio Version 16
VisualStudioVersion = 16.0.29609.76
MinimumVisualStudioVersion = 10.0.40219.1
Project("{9A19103F-16F7-4668-BE54-9A1E7A4F7556}") = "Bakery", "Bakery\Bakery.csproj", "{03189BB2-4D84-4604-99AC-8B8A24EB602B}"
EndProject
Project("{FAE04EC0-301F-11D3-BF4B-00C04F79EFBC}") = "XUnitTestProject1", "XUnitTestProject1\XUnitTestProject1.csproj", "{2CD3D679-55E9-4340-B79C-DC2F59A73F92}"
EndProject
Global
	GlobalSection(SolutionConfigurationPlatforms) = preSolution
		Debug|Any CPU = Debug|Any CPU
		Release|Any CPU = Release|Any CPU
	EndGlobalSection
	GlobalSection(ProjectConfigurationPlatforms) = postSolution
		{03189BB2-4D84-4604-99AC-8B8A24EB602B}.Debug|Any CPU.ActiveCfg = Debug|Any CPU
		{03189BB2-4D84-4604-99AC-8B8A24EB602B}.Debug|Any CPU.Build.0 = Debug|Any CPU
		{03189BB2-4D84-4604-99AC-8B8A24EB602B}.Release|Any CPU.ActiveCfg = Release|Any CPU
		{03189BB2-4D84-4604-99AC-8B8A24EB602B}.Release|Any CPU.Build.0 = Release|Any CPU
		{2CD3D679-55E9-4340-B79C-DC2F59A73F92}.Debug|Any CPU.ActiveCfg = Debug|Any CPU
		{2CD3D679-55E9-4340-B79C-DC2F59A73F92}.Debug|Any CPU.Build.0 = Debug|Any CPU
		{2CD3D679-55E9-4340-B79C-DC2F59A73F92}.Release|Any CPU.ActiveCfg = Release|Any CPU
		{2CD3D679-55E9-4340-B79C-DC2F59A73F92}.Release|Any CPU.Build.0 = Release|Any CPU
	EndGlobalSection
	GlobalSection(SolutionProperties) = preSolution
		HideSolutionNode = FALSE
	EndGlobalSection
	GlobalSection(ExtensibilityGlobals) = postSolution
		SolutionGuid = {0CDD08EF-8BBF-4BB7-91C1-46683A521DEB}
	EndGlobalSection
EndGlobal
